
Microsoft Visual Studio Solution File, Format Version 12.00
# Visual Studio Version 17
VisualStudioVersion = 17.5.002.0
MinimumVisualStudioVersion = 10.0.40219.1
Project("{9A19103F-16F7-4668-BE54-9A1E7A4F7556}") = "Demo3", "Demo3.csproj", "{5D74A324-7B17-4778-8859-37CCC77A9500}"
EndProject
Global
	GlobalSection(SolutionConfigurationPlatforms) = preSolution
		Debug|Any CPU = Debug|Any CPU
		Release|Any CPU = Release|Any CPU
	EndGlobalSection
	GlobalSection(ProjectConfigurationPlatforms) = postSolution
		{5D74A324-7B17-4778-8859-37CCC77A9500}.Debug|Any CPU.ActiveCfg = Debug|Any CPU
		{5D74A324-7B17-4778-8859-37CCC77A9500}.Debug|Any CPU.Build.0 = Debug|Any CPU
		{5D74A324-7B17-4778-8859-37CCC77A9500}.Release|Any CPU.ActiveCfg = Release|Any CPU
		{5D74A324-7B17-4778-8859-37CCC77A9500}.Release|Any CPU.Build.0 = Release|Any CPU
	EndGlobalSection
	GlobalSection(SolutionProperties) = preSolution
		HideSolutionNode = FALSE
	EndGlobalSection
	GlobalSection(ExtensibilityGlobals) = postSolution
		SolutionGuid = {30595CA3-6BC2-450D-9B43-3403F2A73FD4}
	EndGlobalSection
EndGlobal
